
Microsoft Visual Studio Solution File, Format Version 12.00
# Visual Studio 2012
Project("{FAE04EC0-301F-11D3-BF4B-00C04F79EFBC}") = "Schwarzschildradius", "Schwarzschildradius.csproj", "{71363011-4D95-4450-92CD-9FC922DF52BD}"
EndProject
Global
	GlobalSection(SolutionConfigurationPlatforms) = preSolution
		Debug|Any CPU = Debug|Any CPU
		Release|Any CPU = Release|Any CPU
	EndGlobalSection
	GlobalSection(ProjectConfigurationPlatforms) = postSolution
		{71363011-4D95-4450-92CD-9FC922DF52BD}.Debug|Any CPU.ActiveCfg = Debug|Any CPU
		{71363011-4D95-4450-92CD-9FC922DF52BD}.Debug|Any CPU.Build.0 = Debug|Any CPU
		{71363011-4D95-4450-92CD-9FC922DF52BD}.Release|Any CPU.ActiveCfg = Release|Any CPU
		{71363011-4D95-4450-92CD-9FC922DF52BD}.Release|Any CPU.Build.0 = Release|Any CPU
	EndGlobalSection
	GlobalSection(SolutionProperties) = preSolution
		HideSolutionNode = FALSE
	EndGlobalSection
EndGlobal
